{
  "name": "mipeerflix",
  "version": "0.0.0",
  "lockfileVersion": 1,
  "requires": true,
  "dependencies": {
    "freelist": {
      "version": "1.0.3",
      "resolved": "https://registry.npmjs.org/freelist/-/freelist-1.0.3.tgz",
      "integrity": "sha1-AGd1UJ85NXAXhNPtL8nxLJ3xurI="
    },
    "http-node": {
      "version": "1.2.0",
      "resolved": "https://registry.npmjs.org/http-node/-/http-node-1.2.0.tgz",
      "integrity": "sha1-Yfn6wajFb/XOOJwv1Qnl/RvucEM=",
      "requires": {
        "freelist": "^1.0.3",
        "http-parser-js": "^0.4.3"
      }
    },
    "http-parser-js": {
      "version": "0.4.13",
      "resolved": "https://registry.npmjs.org/http-parser-js/-/http-parser-js-0.4.13.tgz",
      "integrity": "sha1-O9bW/ebjFyyTNMOzO2wZPYD+ETc="
    }
  }
}
